
Microsoft Visual Studio Solution File, Format Version 12.00
# Visual Studio Version 17
VisualStudioVersion = 17.0.32112.339
MinimumVisualStudioVersion = 10.0.40219.1
Project("{FAE04EC0-301F-11D3-BF4B-00C04F79EFBC}") = "VaServerAlpha 0.1", "VaServerAlpha 0.1\VaServerAlpha 0.1.csproj", "{D9AB012C-695A-4D24-BE0C-F6D01EDA33BC}"
EndProject
Global
	GlobalSection(SolutionConfigurationPlatforms) = preSolution
		Debug|Any CPU = Debug|Any CPU
		Release|Any CPU = Release|Any CPU
	EndGlobalSection
	GlobalSection(ProjectConfigurationPlatforms) = postSolution
		{D9AB012C-695A-4D24-BE0C-F6D01EDA33BC}.Debug|Any CPU.ActiveCfg = Debug|Any CPU
		{D9AB012C-695A-4D24-BE0C-F6D01EDA33BC}.Debug|Any CPU.Build.0 = Debug|Any CPU
		{D9AB012C-695A-4D24-BE0C-F6D01EDA33BC}.Release|Any CPU.ActiveCfg = Release|Any CPU
		{D9AB012C-695A-4D24-BE0C-F6D01EDA33BC}.Release|Any CPU.Build.0 = Release|Any CPU
	EndGlobalSection
	GlobalSection(SolutionProperties) = preSolution
		HideSolutionNode = FALSE
	EndGlobalSection
	GlobalSection(ExtensibilityGlobals) = postSolution
		SolutionGuid = {5A122EA1-112B-4E12-BAA0-B7292D4E4EF3}
	EndGlobalSection
EndGlobal
